// !$*UTF8*$!
{
	archiveVersion = 1;
	classes = {
	};
	objectVersion = 50;
	objects = {

/* Begin PBXBuildFile section */
		F211189A25BF052400141197 /* CreateYourListVC.swift in Sources */ = {isa = PBXBuildFile; fileRef = F211189925BF052400141197 /* CreateYourListVC.swift */; };
		F211189C25BF082A00141197 /* Header.swift in Sources */ = {isa = PBXBuildFile; fileRef = F211189B25BF082A00141197 /* Header.swift */; };
		F211189E25BF083C00141197 /* CellText.swift in Sources */ = {isa = PBXBuildFile; fileRef = F211189D25BF083C00141197 /* CellText.swift */; };
		F21118A625BF7CE200141197 /* NotificationCenter.framework in Frameworks */ = {isa = PBXBuildFile; fileRef = F21118A525BF7CE200141197 /* NotificationCenter.framework */; };
		F21118A925BF7CE200141197 /* TodayViewController.swift in Sources */ = {isa = PBXBuildFile; fileRef = F21118A825BF7CE200141197 /* TodayViewController.swift */; };
		F21118AC25BF7CE200141197 /* MainInterface.storyboard in Resources */ = {isa = PBXBuildFile; fileRef = F21118AA25BF7CE200141197 /* MainInterface.storyboard */; };
		F21118B025BF7CE200141197 /* BYOATodayExtension.appex in Embed App Extensions */ = {isa = PBXBuildFile; fileRef = F21118A325BF7CE200141197 /* BYOATodayExtension.appex */; settings = {ATTRIBUTES = (RemoveHeadersOnCopy, ); }; };
		F24792F525B08D45000E82C5 /* AppDelegate.swift in Sources */ = {isa = PBXBuildFile; fileRef = F24792F425B08D45000E82C5 /* AppDelegate.swift */; };
		F24792F725B08D45000E82C5 /* SceneDelegate.swift in Sources */ = {isa = PBXBuildFile; fileRef = F24792F625B08D45000E82C5 /* SceneDelegate.swift */; };
		F24792F925B08D45000E82C5 /* ViewController.swift in Sources */ = {isa = PBXBuildFile; fileRef = F24792F825B08D45000E82C5 /* ViewController.swift */; };
		F24792FC25B08D45000E82C5 /* Main.storyboard in Resources */ = {isa = PBXBuildFile; fileRef = F24792FA25B08D45000E82C5 /* Main.storyboard */; };
		F24792FF25B08D45000E82C5 /* BYOA.xcdatamodeld in Sources */ = {isa = PBXBuildFile; fileRef = F24792FD25B08D45000E82C5 /* BYOA.xcdatamodeld */; };
		F247930125B08D48000E82C5 /* Assets.xcassets in Resources */ = {isa = PBXBuildFile; fileRef = F247930025B08D48000E82C5 /* Assets.xcassets */; };
		F247930425B08D48000E82C5 /* LaunchScreen.storyboard in Resources */ = {isa = PBXBuildFile; fileRef = F247930225B08D48000E82C5 /* LaunchScreen.storyboard */; };
		F2746DFA25B8B6BA00A5A3FE /* Affirmation.swift in Sources */ = {isa = PBXBuildFile; fileRef = F2746DF925B8B6BA00A5A3FE /* Affirmation.swift */; };
		F2746DFC25B8B75700A5A3FE /* AffirmationsVC.swift in Sources */ = {isa = PBXBuildFile; fileRef = F2746DFB25B8B75700A5A3FE /* AffirmationsVC.swift */; };
		F2746DFE25B8E57E00A5A3FE /* Quote.swift in Sources */ = {isa = PBXBuildFile; fileRef = F2746DFD25B8E57E00A5A3FE /* Quote.swift */; };
		F2811E2B25BB2C6500F0FFC6 /* MeditationVC.swift in Sources */ = {isa = PBXBuildFile; fileRef = F2811E2A25BB2C6500F0FFC6 /* MeditationVC.swift */; };
		F284AB0B25B9C4BF00359BAB /* QuotesVC.swift in Sources */ = {isa = PBXBuildFile; fileRef = F284AB0A25B9C4BF00359BAB /* QuotesVC.swift */; };
		F284AB0D25BA3D8000359BAB /* HotlinesVC.swift in Sources */ = {isa = PBXBuildFile; fileRef = F284AB0C25BA3D8000359BAB /* HotlinesVC.swift */; };
		F284AB0F25BA3EEB00359BAB /* Hotline.swift in Sources */ = {isa = PBXBuildFile; fileRef = F284AB0E25BA3EEB00359BAB /* Hotline.swift */; };
/* End PBXBuildFile section */

/* Begin PBXContainerItemProxy section */
		F21118AE25BF7CE200141197 /* PBXContainerItemProxy */ = {
			isa = PBXContainerItemProxy;
			containerPortal = F24792E925B08D45000E82C5 /* Project object */;
			proxyType = 1;
			remoteGlobalIDString = F21118A225BF7CE200141197;
			remoteInfo = BYOATodayExtension;
		};
/* End PBXContainerItemProxy section */

/* Begin PBXCopyFilesBuildPhase section */
		F21118B125BF7CE200141197 /* Embed App Extensions */ = {
			isa = PBXCopyFilesBuildPhase;
			buildActionMask = 2147483647;
			dstPath = "";
			dstSubfolderSpec = 13;
			files = (
				F21118B025BF7CE200141197 /* BYOATodayExtension.appex in Embed App Extensions */,
			);
			name = "Embed App Extensions";
			runOnlyForDeploymentPostprocessing = 0;
		};
/* End PBXCopyFilesBuildPhase section */

/* Begin PBXFileReference section */
		F211189925BF052400141197 /* CreateYourListVC.swift */ = {isa = PBXFileReference; lastKnownFileType = sourcecode.swift; path = CreateYourListVC.swift; sourceTree = "<group>"; };
		F211189B25BF082A00141197 /* Header.swift */ = {isa = PBXFileReference; lastKnownFileType = sourcecode.swift; path = Header.swift; sourceTree = "<group>"; };
		F211189D25BF083C00141197 /* CellText.swift */ = {isa = PBXFileReference; lastKnownFileType = sourcecode.swift; path = CellText.swift; sourceTree = "<group>"; };
		F21118A325BF7CE200141197 /* BYOATodayExtension.appex */ = {isa = PBXFileReference; explicitFileType = "wrapper.app-extension"; includeInIndex = 0; path = BYOATodayExtension.appex; sourceTree = BUILT_PRODUCTS_DIR; };
		F21118A525BF7CE200141197 /* NotificationCenter.framework */ = {isa = PBXFileReference; lastKnownFileType = wrapper.framework; name = NotificationCenter.framework; path = System/Library/Frameworks/NotificationCenter.framework; sourceTree = SDKROOT; };
		F21118A825BF7CE200141197 /* TodayViewController.swift */ = {isa = PBXFileReference; lastKnownFileType = sourcecode.swift; path = TodayViewController.swift; sourceTree = "<group>"; };
		F21118AB25BF7CE200141197 /* Base */ = {isa = PBXFileReference; lastKnownFileType = file.storyboard; name = Base; path = Base.lproj/MainInterface.storyboard; sourceTree = "<group>"; };
		F21118AD25BF7CE200141197 /* Info.plist */ = {isa = PBXFileReference; lastKnownFileType = text.plist.xml; path = Info.plist; sourceTree = "<group>"; };
		F24792F125B08D45000E82C5 /* BYOA.app */ = {isa = PBXFileReference; explicitFileType = wrapper.application; includeInIndex = 0; path = BYOA.app; sourceTree = BUILT_PRODUCTS_DIR; };
		F24792F425B08D45000E82C5 /* AppDelegate.swift */ = {isa = PBXFileReference; lastKnownFileType = sourcecode.swift; path = AppDelegate.swift; sourceTree = "<group>"; };
		F24792F625B08D45000E82C5 /* SceneDelegate.swift */ = {isa = PBXFileReference; lastKnownFileType = sourcecode.swift; path = SceneDelegate.swift; sourceTree = "<group>"; };
		F24792F825B08D45000E82C5 /* ViewController.swift */ = {isa = PBXFileReference; lastKnownFileType = sourcecode.swift; path = ViewController.swift; sourceTree = "<group>"; };
		F24792FB25B08D45000E82C5 /* Base */ = {isa = PBXFileReference; lastKnownFileType = file.storyboard; name = Base; path = Base.lproj/Main.storyboard; sourceTree = "<group>"; };
		F24792FE25B08D45000E82C5 /* BYOA.xcdatamodel */ = {isa = PBXFileReference; lastKnownFileType = wrapper.xcdatamodel; path = BYOA.xcdatamodel; sourceTree = "<group>"; };
		F247930025B08D48000E82C5 /* Assets.xcassets */ = {isa = PBXFileReference; lastKnownFileType = folder.assetcatalog; path = Assets.xcassets; sourceTree = "<group>"; };
		F247930325B08D48000E82C5 /* Base */ = {isa = PBXFileReference; lastKnownFileType = file.storyboard; name = Base; path = Base.lproj/LaunchScreen.storyboard; sourceTree = "<group>"; };
		F247930525B08D48000E82C5 /* Info.plist */ = {isa = PBXFileReference; lastKnownFileType = text.plist.xml; path = Info.plist; sourceTree = "<group>"; };
		F2746DF925B8B6BA00A5A3FE /* Affirmation.swift */ = {isa = PBXFileReference; lastKnownFileType = sourcecode.swift; path = Affirmation.swift; sourceTree = "<group>"; };
		F2746DFB25B8B75700A5A3FE /* AffirmationsVC.swift */ = {isa = PBXFileReference; lastKnownFileType = sourcecode.swift; path = AffirmationsVC.swift; sourceTree = "<group>"; };
		F2746DFD25B8E57E00A5A3FE /* Quote.swift */ = {isa = PBXFileReference; lastKnownFileType = sourcecode.swift; path = Quote.swift; sourceTree = "<group>"; };
		F2811E2A25BB2C6500F0FFC6 /* MeditationVC.swift */ = {isa = PBXFileReference; lastKnownFileType = sourcecode.swift; path = MeditationVC.swift; sourceTree = "<group>"; };
		F284AB0A25B9C4BF00359BAB /* QuotesVC.swift */ = {isa = PBXFileReference; lastKnownFileType = sourcecode.swift; path = QuotesVC.swift; sourceTree = "<group>"; };
		F284AB0C25BA3D8000359BAB /* HotlinesVC.swift */ = {isa = PBXFileReference; lastKnownFileType = sourcecode.swift; path = HotlinesVC.swift; sourceTree = "<group>"; };
		F284AB0E25BA3EEB00359BAB /* Hotline.swift */ = {isa = PBXFileReference; lastKnownFileType = sourcecode.swift; path = Hotline.swift; sourceTree = "<group>"; };
/* End PBXFileReference section */

/* Begin PBXFrameworksBuildPhase section */
		F21118A025BF7CE200141197 /* Frameworks */ = {
			isa = PBXFrameworksBuildPhase;
			buildActionMask = 2147483647;
			files = (
				F21118A625BF7CE200141197 /* NotificationCenter.framework in Frameworks */,
			);
			runOnlyForDeploymentPostprocessing = 0;
		};
		F24792EE25B08D45000E82C5 /* Frameworks */ = {
			isa = PBXFrameworksBuildPhase;
			buildActionMask = 2147483647;
			files = (
			);
			runOnlyForDeploymentPostprocessing = 0;
		};
/* End PBXFrameworksBuildPhase section */

/* Begin PBXGroup section */
		F21118A425BF7CE200141197 /* Frameworks */ = {
			isa = PBXGroup;
			children = (
				F21118A525BF7CE200141197 /* NotificationCenter.framework */,
			);
			name = Frameworks;
			sourceTree = "<group>";
		};
		F21118A725BF7CE200141197 /* BYOATodayExtension */ = {
			isa = PBXGroup;
			children = (
				F21118A825BF7CE200141197 /* TodayViewController.swift */,
				F21118AA25BF7CE200141197 /* MainInterface.storyboard */,
				F21118AD25BF7CE200141197 /* Info.plist */,
			);
			path = BYOATodayExtension;
			sourceTree = "<group>";
		};
		F24792E825B08D45000E82C5 = {
			isa = PBXGroup;
			children = (
				F24792F325B08D45000E82C5 /* BYOA */,
				F21118A725BF7CE200141197 /* BYOATodayExtension */,
				F21118A425BF7CE200141197 /* Frameworks */,
				F24792F225B08D45000E82C5 /* Products */,
			);
			sourceTree = "<group>";
		};
		F24792F225B08D45000E82C5 /* Products */ = {
			isa = PBXGroup;
			children = (
				F24792F125B08D45000E82C5 /* BYOA.app */,
				F21118A325BF7CE200141197 /* BYOATodayExtension.appex */,
			);
			name = Products;
			sourceTree = "<group>";
		};
		F24792F325B08D45000E82C5 /* BYOA */ = {
			isa = PBXGroup;
			children = (
				F24792F425B08D45000E82C5 /* AppDelegate.swift */,
				F24792F625B08D45000E82C5 /* SceneDelegate.swift */,
				F24792F825B08D45000E82C5 /* ViewController.swift */,
				F2746DFB25B8B75700A5A3FE /* AffirmationsVC.swift */,
				F284AB0A25B9C4BF00359BAB /* QuotesVC.swift */,
				F284AB0C25BA3D8000359BAB /* HotlinesVC.swift */,
				F2811E2A25BB2C6500F0FFC6 /* MeditationVC.swift */,
				F211189925BF052400141197 /* CreateYourListVC.swift */,
				F24792FA25B08D45000E82C5 /* Main.storyboard */,
				F211189B25BF082A00141197 /* Header.swift */,
				F211189D25BF083C00141197 /* CellText.swift */,
				F284AB0E25BA3EEB00359BAB /* Hotline.swift */,
				F2746DF925B8B6BA00A5A3FE /* Affirmation.swift */,
				F2746DFD25B8E57E00A5A3FE /* Quote.swift */,
				F247930025B08D48000E82C5 /* Assets.xcassets */,
				F247930225B08D48000E82C5 /* LaunchScreen.storyboard */,
				F247930525B08D48000E82C5 /* Info.plist */,
				F24792FD25B08D45000E82C5 /* BYOA.xcdatamodeld */,
			);
			path = BYOA;
			sourceTree = "<group>";
		};
/* End PBXGroup section */

/* Begin PBXNativeTarget section */
		F21118A225BF7CE200141197 /* BYOATodayExtension */ = {
			isa = PBXNativeTarget;
			buildConfigurationList = F21118B425BF7CE200141197 /* Build configuration list for PBXNativeTarget "BYOATodayExtension" */;
			buildPhases = (
				F211189F25BF7CE200141197 /* Sources */,
				F21118A025BF7CE200141197 /* Frameworks */,
				F21118A125BF7CE200141197 /* Resources */,
			);
			buildRules = (
			);
			dependencies = (
			);
			name = BYOATodayExtension;
			productName = BYOATodayExtension;
			productReference = F21118A325BF7CE200141197 /* BYOATodayExtension.appex */;
			productType = "com.apple.product-type.app-extension";
		};
		F24792F025B08D45000E82C5 /* BYOA */ = {
			isa = PBXNativeTarget;
			buildConfigurationList = F247930825B08D48000E82C5 /* Build configuration list for PBXNativeTarget "BYOA" */;
			buildPhases = (
				F24792ED25B08D45000E82C5 /* Sources */,
				F24792EE25B08D45000E82C5 /* Frameworks */,
				F24792EF25B08D45000E82C5 /* Resources */,
				F21118B125BF7CE200141197 /* Embed App Extensions */,
			);
			buildRules = (
			);
			dependencies = (
				F21118AF25BF7CE200141197 /* PBXTargetDependency */,
			);
			name = BYOA;
			productName = BYOA;
			productReference = F24792F125B08D45000E82C5 /* BYOA.app */;
			productType = "com.apple.product-type.application";
		};
/* End PBXNativeTarget section */

/* Begin PBXProject section */
		F24792E925B08D45000E82C5 /* Project object */ = {
			isa = PBXProject;
			attributes = {
				LastSwiftUpdateCheck = 1130;
				LastUpgradeCheck = 1130;
				ORGANIZATIONNAME = MDB;
				TargetAttributes = {
					F21118A225BF7CE200141197 = {
						CreatedOnToolsVersion = 11.3.1;
					};
					F24792F025B08D45000E82C5 = {
						CreatedOnToolsVersion = 11.3.1;
					};
				};
			};
			buildConfigurationList = F24792EC25B08D45000E82C5 /* Build configuration list for PBXProject "BYOA" */;
			compatibilityVersion = "Xcode 9.3";
			developmentRegion = en;
			hasScannedForEncodings = 0;
			knownRegions = (
				en,
				Base,
			);
			mainGroup = F24792E825B08D45000E82C5;
			productRefGroup = F24792F225B08D45000E82C5 /* Products */;
			projectDirPath = "";
			projectRoot = "";
			targets = (
				F24792F025B08D45000E82C5 /* BYOA */,
				F21118A225BF7CE200141197 /* BYOATodayExtension */,
			);
		};
/* End PBXProject section */

/* Begin PBXResourcesBuildPhase section */
		F21118A125BF7CE200141197 /* Resources */ = {
			isa = PBXResourcesBuildPhase;
			buildActionMask = 2147483647;
			files = (
				F21118AC25BF7CE200141197 /* MainInterface.storyboard in Resources */,
			);
			runOnlyForDeploymentPostprocessing = 0;
		};
		F24792EF25B08D45000E82C5 /* Resources */ = {
			isa = PBXResourcesBuildPhase;
			buildActionMask = 2147483647;
			files = (
				F247930425B08D48000E82C5 /* LaunchScreen.storyboard in Resources */,
				F247930125B08D48000E82C5 /* Assets.xcassets in Resources */,
				F24792FC25B08D45000E82C5 /* Main.storyboard in Resources */,
			);
			runOnlyForDeploymentPostprocessing = 0;
		};
/* End PBXResourcesBuildPhase section */

/* Begin PBXSourcesBuildPhase section */
		F211189F25BF7CE200141197 /* Sources */ = {
			isa = PBXSourcesBuildPhase;
			buildActionMask = 2147483647;
			files = (
				F21118A925BF7CE200141197 /* TodayViewController.swift in Sources */,
			);
			runOnlyForDeploymentPostprocessing = 0;
		};
		F24792ED25B08D45000E82C5 /* Sources */ = {
			isa = PBXSourcesBuildPhase;
			buildActionMask = 2147483647;
			files = (
				F24792FF25B08D45000E82C5 /* BYOA.xcdatamodeld in Sources */,
				F211189C25BF082A00141197 /* Header.swift in Sources */,
				F2746DFC25B8B75700A5A3FE /* AffirmationsVC.swift in Sources */,
				F24792F925B08D45000E82C5 /* ViewController.swift in Sources */,
				F284AB0D25BA3D8000359BAB /* HotlinesVC.swift in Sources */,
				F284AB0B25B9C4BF00359BAB /* QuotesVC.swift in Sources */,
				F2811E2B25BB2C6500F0FFC6 /* MeditationVC.swift in Sources */,
				F24792F525B08D45000E82C5 /* AppDelegate.swift in Sources */,
				F2746DFA25B8B6BA00A5A3FE /* Affirmation.swift in Sources */,
				F284AB0F25BA3EEB00359BAB /* Hotline.swift in Sources */,
				F211189A25BF052400141197 /* CreateYourListVC.swift in Sources */,
				F2746DFE25B8E57E00A5A3FE /* Quote.swift in Sources */,
				F211189E25BF083C00141197 /* CellText.swift in Sources */,
				F24792F725B08D45000E82C5 /* SceneDelegate.swift in Sources */,
			);
			runOnlyForDeploymentPostprocessing = 0;
		};
/* End PBXSourcesBuildPhase section */

/* Begin PBXTargetDependency section */
		F21118AF25BF7CE200141197 /* PBXTargetDependency */ = {
			isa = PBXTargetDependency;
			target = F21118A225BF7CE200141197 /* BYOATodayExtension */;
			targetProxy = F21118AE25BF7CE200141197 /* PBXContainerItemProxy */;
		};
/* End PBXTargetDependency section */

/* Begin PBXVariantGroup section */
		F21118AA25BF7CE200141197 /* MainInterface.storyboard */ = {
			isa = PBXVariantGroup;
			children = (
				F21118AB25BF7CE200141197 /* Base */,
			);
			name = MainInterface.storyboard;
			sourceTree = "<group>";
		};
		F24792FA25B08D45000E82C5 /* Main.storyboard */ = {
			isa = PBXVariantGroup;
			children = (
				F24792FB25B08D45000E82C5 /* Base */,
			);
			name = Main.storyboard;
			sourceTree = "<group>";
		};
		F247930225B08D48000E82C5 /* LaunchScreen.storyboard */ = {
			isa = PBXVariantGroup;
			children = (
				F247930325B08D48000E82C5 /* Base */,
			);
			name = LaunchScreen.storyboard;
			sourceTree = "<group>";
		};
/* End PBXVariantGroup section */

/* Begin XCBuildConfiguration section */
		F21118B225BF7CE200141197 /* Debug */ = {
			isa = XCBuildConfiguration;
			buildSettings = {
				CODE_SIGN_STYLE = Automatic;
				DEVELOPMENT_TEAM = LAKV6P23PC;
				INFOPLIST_FILE = BYOATodayExtension/Info.plist;
				LD_RUNPATH_SEARCH_PATHS = (
					"$(inherited)",
					"@executable_path/Frameworks",
					"@executable_path/../../Frameworks",
				);
				PRODUCT_BUNDLE_IDENTIFIER = com.MDB.AffirmationStation.BYOATodayExtension;
				PRODUCT_NAME = "$(TARGET_NAME)";
				SKIP_INSTALL = YES;
				SWIFT_VERSION = 5.0;
				TARGETED_DEVICE_FAMILY = "1,2";
			};
			name = Debug;
		};
		F21118B325BF7CE200141197 /* Release */ = {
			isa = XCBuildConfiguration;
			buildSettings = {
				CODE_SIGN_STYLE = Automatic;
				DEVELOPMENT_TEAM = LAKV6P23PC;
				INFOPLIST_FILE = BYOATodayExtension/Info.plist;
				LD_RUNPATH_SEARCH_PATHS = (
					"$(inherited)",
					"@executable_path/Frameworks",
					"@executable_path/../../Frameworks",
				);
				PRODUCT_BUNDLE_IDENTIFIER = com.MDB.AffirmationStation.BYOATodayExtension;
				PRODUCT_NAME = "$(TARGET_NAME)";
				SKIP_INSTALL = YES;
				SWIFT_VERSION = 5.0;
				TARGETED_DEVICE_FAMILY = "1,2";
			};
			name = Release;
		};
		F247930625B08D48000E82C5 /* Debug */ = {
			isa = XCBuildConfiguration;
			buildSettings = {
				ALWAYS_SEARCH_USER_PATHS = NO;
				CLANG_ANALYZER_NONNULL = YES;
				CLANG_ANALYZER_NUMBER_OBJECT_CONVERSION = YES_AGGRESSIVE;
				CLANG_CXX_LANGUAGE_STANDARD = "gnu++14";
				CLANG_CXX_LIBRARY = "libc++";
				CLANG_ENABLE_MODULES = YES;
				CLANG_ENABLE_OBJC_ARC = YES;
				CLANG_ENABLE_OBJC_WEAK = YES;
				CLANG_WARN_BLOCK_CAPTURE_AUTORELEASING = YES;
				CLANG_WARN_BOOL_CONVERSION = YES;
				CLANG_WARN_COMMA = YES;
				CLANG_WARN_CONSTANT_CONVERSION = YES;
				CLANG_WARN_DEPRECATED_OBJC_IMPLEMENTATIONS = YES;
				CLANG_WARN_DIRECT_OBJC_ISA_USAGE = YES_ERROR;
				CLANG_WARN_DOCUMENTATION_COMMENTS = YES;
				CLANG_WARN_EMPTY_BODY = YES;
				CLANG_WARN_ENUM_CONVERSION = YES;
				CLANG_WARN_INFINITE_RECURSION = YES;
				CLANG_WARN_INT_CONVERSION = YES;
				CLANG_WARN_NON_LITERAL_NULL_CONVERSION = YES;
				CLANG_WARN_OBJC_IMPLICIT_RETAIN_SELF = YES;
				CLANG_WARN_OBJC_LITERAL_CONVERSION = YES;
				CLANG_WARN_OBJC_ROOT_CLASS = YES_ERROR;
				CLANG_WARN_RANGE_LOOP_ANALYSIS = YES;
				CLANG_WARN_STRICT_PROTOTYPES = YES;
				CLANG_WARN_SUSPICIOUS_MOVE = YES;
				CLANG_WARN_UNGUARDED_AVAILABILITY = YES_AGGRESSIVE;
				CLANG_WARN_UNREACHABLE_CODE = YES;
				CLANG_WARN__DUPLICATE_METHOD_MATCH = YES;
				COPY_PHASE_STRIP = NO;
				DEBUG_INFORMATION_FORMAT = dwarf;
				ENABLE_STRICT_OBJC_MSGSEND = YES;
				ENABLE_TESTABILITY = YES;
				GCC_C_LANGUAGE_STANDARD = gnu11;
				GCC_DYNAMIC_NO_PIC = NO;
				GCC_NO_COMMON_BLOCKS = YES;
				GCC_OPTIMIZATION_LEVEL = 0;
				GCC_PREPROCESSOR_DEFINITIONS = (
					"DEBUG=1",
					"$(inherited)",
				);
				GCC_WARN_64_TO_32_BIT_CONVERSION = YES;
				GCC_WARN_ABOUT_RETURN_TYPE = YES_ERROR;
				GCC_WARN_UNDECLARED_SELECTOR = YES;
				GCC_WARN_UNINITIALIZED_AUTOS = YES_AGGRESSIVE;
				GCC_WARN_UNUSED_FUNCTION = YES;
				GCC_WARN_UNUSED_VARIABLE = YES;
				IPHONEOS_DEPLOYMENT_TARGET = 13.2;
				MTL_ENABLE_DEBUG_INFO = INCLUDE_SOURCE;
				MTL_FAST_MATH = YES;
				ONLY_ACTIVE_ARCH = YES;
				SDKROOT = iphoneos;
				SWIFT_ACTIVE_COMPILATION_CONDITIONS = DEBUG;
				SWIFT_OPTIMIZATION_LEVEL = "-Onone";
			};
			name = Debug;
		};
		F247930725B08D48000E82C5 /* Release */ = {
			isa = XCBuildConfiguration;
			buildSettings = {
				ALWAYS_SEARCH_USER_PATHS = NO;
				CLANG_ANALYZER_NONNULL = YES;
				CLANG_ANALYZER_NUMBER_OBJECT_CONVERSION = YES_AGGRESSIVE;
				CLANG_CXX_LANGUAGE_STANDARD = "gnu++14";
				CLANG_CXX_LIBRARY = "libc++";
				CLANG_ENABLE_MODULES = YES;
				CLANG_ENABLE_OBJC_ARC = YES;
				CLANG_ENABLE_OBJC_WEAK = YES;
				CLANG_WARN_BLOCK_CAPTURE_AUTORELEASING = YES;
				CLANG_WARN_BOOL_CONVERSION = YES;
				CLANG_WARN_COMMA = YES;
				CLANG_WARN_CONSTANT_CONVERSION = YES;
				CLANG_WARN_DEPRECATED_OBJC_IMPLEMENTATIONS = YES;
				CLANG_WARN_DIRECT_OBJC_ISA_USAGE = YES_ERROR;
				CLANG_WARN_DOCUMENTATION_COMMENTS = YES;
				CLANG_WARN_EMPTY_BODY = YES;
				CLANG_WARN_ENUM_CONVERSION = YES;
				CLANG_WARN_INFINITE_RECURSION = YES;
				CLANG_WARN_INT_CONVERSION = YES;
				CLANG_WARN_NON_LITERAL_NULL_CONVERSION = YES;
				CLANG_WARN_OBJC_IMPLICIT_RETAIN_SELF = YES;
				CLANG_WARN_OBJC_LITERAL_CONVERSION = YES;
				CLANG_WARN_OBJC_ROOT_CLASS = YES_ERROR;
				CLANG_WARN_RANGE_LOOP_ANALYSIS = YES;
				CLANG_WARN_STRICT_PROTOTYPES = YES;
				CLANG_WARN_SUSPICIOUS_MOVE = YES;
				CLANG_WARN_UNGUARDED_AVAILABILITY = YES_AGGRESSIVE;
				CLANG_WARN_UNREACHABLE_CODE = YES;
				CLANG_WARN__DUPLICATE_METHOD_MATCH = YES;
				COPY_PHASE_STRIP = NO;
				DEBUG_INFORMATION_FORMAT = "dwarf-with-dsym";
				ENABLE_NS_ASSERTIONS = NO;
				ENABLE_STRICT_OBJC_MSGSEND = YES;
				GCC_C_LANGUAGE_STANDARD = gnu11;
				GCC_NO_COMMON_BLOCKS = YES;
				GCC_WARN_64_TO_32_BIT_CONVERSION = YES;
				GCC_WARN_ABOUT_RETURN_TYPE = YES_ERROR;
				GCC_WARN_UNDECLARED_SELECTOR = YES;
				GCC_WARN_UNINITIALIZED_AUTOS = YES_AGGRESSIVE;
				GCC_WARN_UNUSED_FUNCTION = YES;
				GCC_WARN_UNUSED_VARIABLE = YES;
				IPHONEOS_DEPLOYMENT_TARGET = 13.2;
				MTL_ENABLE_DEBUG_INFO = NO;
				MTL_FAST_MATH = YES;
				SDKROOT = iphoneos;
				SWIFT_COMPILATION_MODE = wholemodule;
				SWIFT_OPTIMIZATION_LEVEL = "-O";
				VALIDATE_PRODUCT = YES;
			};
			name = Release;
		};
		F247930925B08D48000E82C5 /* Debug */ = {
			isa = XCBuildConfiguration;
			buildSettings = {
				ALWAYS_EMBED_SWIFT_STANDARD_LIBRARIES = YES;
				ASSETCATALOG_COMPILER_APPICON_NAME = AppIcon;
				CODE_SIGN_STYLE = Automatic;
				DEVELOPMENT_TEAM = LAKV6P23PC;
				INFOPLIST_FILE = BYOA/Info.plist;
				IPHONEOS_DEPLOYMENT_TARGET = 13.2;
				LD_RUNPATH_SEARCH_PATHS = (
					"$(inherited)",
					"@executable_path/Frameworks",
				);
				PRODUCT_BUNDLE_IDENTIFIER = com.MDB.AffirmationStation;
				PRODUCT_NAME = "$(TARGET_NAME)";
				SWIFT_VERSION = 5.0;
				TARGETED_DEVICE_FAMILY = "1,2";
			};
			name = Debug;
		};
		F247930A25B08D48000E82C5 /* Release */ = {
			isa = XCBuildConfiguration;
			buildSettings = {
				ALWAYS_EMBED_SWIFT_STANDARD_LIBRARIES = YES;
				ASSETCATALOG_COMPILER_APPICON_NAME = AppIcon;
				CODE_SIGN_STYLE = Automatic;
				DEVELOPMENT_TEAM = LAKV6P23PC;
				INFOPLIST_FILE = BYOA/Info.plist;
				IPHONEOS_DEPLOYMENT_TARGET = 13.2;
				LD_RUNPATH_SEARCH_PATHS = (
					"$(inherited)",
					"@executable_path/Frameworks",
				);
				PRODUCT_BUNDLE_IDENTIFIER = com.MDB.AffirmationStation;
				PRODUCT_NAME = "$(TARGET_NAME)";
				SWIFT_VERSION = 5.0;
				TARGETED_DEVICE_FAMILY = "1,2";
			};
			name = Release;
		};
/* End XCBuildConfiguration section */

/* Begin XCConfigurationList section */
		F21118B425BF7CE200141197 /* Build configuration list for PBXNativeTarget "BYOATodayExtension" */ = {
			isa = XCConfigurationList;
			buildConfigurations = (
				F21118B225BF7CE200141197 /* Debug */,
				F21118B325BF7CE200141197 /* Release */,
			);
			defaultConfigurationIsVisible = 0;
			defaultConfigurationName = Release;
		};
		F24792EC25B08D45000E82C5 /* Build configuration list for PBXProject "BYOA" */ = {
			isa = XCConfigurationList;
			buildConfigurations = (
				F247930625B08D48000E82C5 /* Debug */,
				F247930725B08D48000E82C5 /* Release */,
			);
			defaultConfigurationIsVisible = 0;
			defaultConfigurationName = Release;
		};
		F247930825B08D48000E82C5 /* Build configuration list for PBXNativeTarget "BYOA" */ = {
			isa = XCConfigurationList;
			buildConfigurations = (
				F247930925B08D48000E82C5 /* Debug */,
				F247930A25B08D48000E82C5 /* Release */,
			);
			defaultConfigurationIsVisible = 0;
			defaultConfigurationName = Release;
		};
/* End XCConfigurationList section */

/* Begin XCVersionGroup section */
		F24792FD25B08D45000E82C5 /* BYOA.xcdatamodeld */ = {
			isa = XCVersionGroup;
			children = (
				F24792FE25B08D45000E82C5 /* BYOA.xcdatamodel */,
			);
			currentVersion = F24792FE25B08D45000E82C5 /* BYOA.xcdatamodel */;
			path = BYOA.xcdatamodeld;
			sourceTree = "<group>";
			versionGroupType = wrapper.xcdatamodel;
		};
/* End XCVersionGroup section */
	};
	rootObject = F24792E925B08D45000E82C5 /* Project object */;
}
